
Microsoft Visual Studio Solution File, Format Version 12.00
# Visual Studio Version 17
VisualStudioVersion = 17.13.35931.197 d17.13
MinimumVisualStudioVersion = 10.0.40219.1
Project("{FAE04EC0-301F-11D3-BF4B-00C04F79EFBC}") = "Financial_management_backend", "Financial_management_backend.csproj", "{954B240E-3C40-456C-ABFD-5410FD7984F8}"
EndProject
Global
	GlobalSection(SolutionConfigurationPlatforms) = preSolution
		Debug|Any CPU = Debug|Any CPU
		Release|Any CPU = Release|Any CPU
	EndGlobalSection
	GlobalSection(ProjectConfigurationPlatforms) = postSolution
		{954B240E-3C40-456C-ABFD-5410FD7984F8}.Debug|Any CPU.ActiveCfg = Debug|Any CPU
		{954B240E-3C40-456C-ABFD-5410FD7984F8}.Debug|Any CPU.Build.0 = Debug|Any CPU
		{954B240E-3C40-456C-ABFD-5410FD7984F8}.Release|Any CPU.ActiveCfg = Release|Any CPU
		{954B240E-3C40-456C-ABFD-5410FD7984F8}.Release|Any CPU.Build.0 = Release|Any CPU
	EndGlobalSection
	GlobalSection(SolutionProperties) = preSolution
		HideSolutionNode = FALSE
	EndGlobalSection
	GlobalSection(ExtensibilityGlobals) = postSolution
		SolutionGuid = {6F08644D-E32C-4BBF-B684-3AFCD3AC38FC}
	EndGlobalSection
EndGlobal
